
Microsoft Visual Studio Solution File, Format Version 12.00
# Visual Studio 15
Project("{FAE04EC0-301F-11D3-BF4B-00C04F79EFBC}") = "Assembly-CSharp", "Assembly-CSharp.csproj", "{D8781776-1975-90A7-CA64-508BB06A8DC2}"
EndProject
Project("{FAE04EC0-301F-11D3-BF4B-00C04F79EFBC}") = "CheckSyntax", "Tools\CheckSyntax\CheckSyntax.csproj", "{7810F958-B975-41F3-B08E-11A2483628FB}"
EndProject
Global
	GlobalSection(SolutionConfigurationPlatforms) = preSolution
		Debug|Any CPU = Debug|Any CPU
		Release|Any CPU = Release|Any CPU
	EndGlobalSection
	GlobalSection(ProjectConfigurationPlatforms) = postSolution
		{D8781776-1975-90A7-CA64-508BB06A8DC2}.Debug|Any CPU.ActiveCfg = Debug|Any CPU
		{D8781776-1975-90A7-CA64-508BB06A8DC2}.Debug|Any CPU.Build.0 = Debug|Any CPU
		{D8781776-1975-90A7-CA64-508BB06A8DC2}.Release|Any CPU.ActiveCfg = Release|Any CPU
		{D8781776-1975-90A7-CA64-508BB06A8DC2}.Release|Any CPU.Build.0 = Release|Any CPU
		{7810F958-B975-41F3-B08E-11A2483628FB}.Debug|Any CPU.ActiveCfg = Debug|Any CPU
		{7810F958-B975-41F3-B08E-11A2483628FB}.Debug|Any CPU.Build.0 = Debug|Any CPU
		{7810F958-B975-41F3-B08E-11A2483628FB}.Release|Any CPU.ActiveCfg = Release|Any CPU
		{7810F958-B975-41F3-B08E-11A2483628FB}.Release|Any CPU.Build.0 = Release|Any CPU
	EndGlobalSection
	GlobalSection(SolutionProperties) = preSolution
		HideSolutionNode = FALSE
	EndGlobalSection
EndGlobal
